{
  "name": "sms-exporter",
  "version": "0.0.1",
  "dependencies": {
    "angular": {
      "version": "1.3.14",
      "from": "angular@*",
      "resolved": "https://registry.npmjs.org/angular/-/angular-1.3.14.tgz"
    },
    "foundation-apps": {
      "version": "1.0.3",
      "from": "foundation-apps@*",
      "resolved": "https://registry.npmjs.org/foundation-apps/-/foundation-apps-1.0.3.tgz"
    }
  }
}
